<Solution>
  <Folder Name="/docs/">
    <File Path="docs/HIGHWAY-PROTOCOL.md" />
  </Folder>
  <Folder Name="/docs/design/">
    <File Path="docs/design/overview.md" />
    <File Path="docs/design/protocol-and-transport.md" />
    <File Path="docs/design/storage-engine.md" />
    <File Path="docs/design/rpc.md" />
    <File Path="docs/design/pubsub.md" />
    <File Path="docs/design/durable-queues.md" />
    <File Path="docs/design/registry-and-heartbeat.md" />
    <File Path="docs/design/distributed-cache.md" />
    <File Path="docs/design/replication-and-failover.md" />
    <File Path="docs/design/observability-and-operations.md" />
  </Folder>
  <Folder Name="/docs/product/">
    <File Path="docs/product/UserGuide.md" />
    <File Path="docs/product/constraints.md" />
    <File Path="docs/product/fail-safe-and-observability.md" />
  </Folder>
  <Folder Name="/Solution Items/">
    <File Path="Directory.Build.props" />
    <File Path="Directory.Packages.props" />
  </Folder>
  <Folder Name="/assurance/">
    <Project Path="assurance/Highway.Assurance.Contracts/Highway.Assurance.Contracts.csproj" />
    <Project Path="assurance/Highway.Assurance.Ledger/Highway.Assurance.Ledger.csproj" />
    <Project Path="assurance/Highway.Assurance.Reconciler/Highway.Assurance.Reconciler.csproj" />
    <Project Path="assurance/Highway.Assurance.Edge/Highway.Assurance.Edge.csproj" />
    <Project Path="assurance/Highway.Assurance.Accounts/Highway.Assurance.Accounts.csproj" />
    <Project Path="assurance/Highway.Assurance.Notifications.Subs/Highway.Assurance.Notifications.Subs.csproj" />
    <Project Path="assurance/Highway.Assurance.Notifications.Mailer/Highway.Assurance.Notifications.Mailer.csproj" />
    <Project Path="assurance/Highway.Assurance.Notifications/Highway.Assurance.Notifications.csproj" />
    <Project Path="assurance/Highway.Assurance.Runner/Highway.Assurance.Runner.csproj" />
  </Folder>
  <Folder Name="/samples/">
    <Project Path="samples/Highway.Samples.Contracts/Highway.Samples.Contracts.csproj" />
    <Project Path="samples/Highway.Samples.Broker/Highway.Samples.Broker.csproj" />
    <Project Path="samples/Highway.Samples.OrderService/Highway.Samples.OrderService.csproj" />
    <Project Path="samples/Highway.Samples.Storefront/Highway.Samples.Storefront.csproj" />
    <Project Path="samples/Highway.Samples.Host/Highway.Samples.Host.csproj" />
  </Folder>
  <Folder Name="/src/">
    <Project Path="src/Highway.Abstractions/Highway.Abstractions.csproj" />
    <Project Path="src/Highway.Client/Highway.Client.csproj" />
    <Project Path="src/Highway.Server/Highway.Server.csproj" />
    <Project Path="src/Highway.Server.Dashboard/Highway.Server.Dashboard.csproj" />
    <Project Path="src/Highway.Server.Host/Highway.Server.Host.csproj" />
    <Project Path="src/Highway.Client.Hosting/Highway.Client.Hosting.csproj" />
  </Folder>
  <Folder Name="/tests/">
    <Project Path="tests/Highway.Abstractions.Tests/Highway.Abstractions.Tests.csproj" />
    <Project Path="tests/Highway.Client.Tests/Highway.Client.Tests.csproj" />
    <Project Path="tests/Highway.Server.Tests/Highway.Server.Tests.csproj" />
    <Project Path="tests/Highway.Server.Host.Tests/Highway.Server.Host.Tests.csproj" />
    <Project Path="tests/Highway.Assurance.Tests/Highway.Assurance.Tests.csproj" />
    <Project Path="tests/Highway.Integration.Tests/Highway.Integration.Tests.csproj" />
    <Project Path="tests/Highway.Client.Hosting.Tests/Highway.Client.Hosting.Tests.csproj" />
    <Project Path="tests/Highway.Storage.CrashHarness/Highway.Storage.CrashHarness.csproj" />
  </Folder>
</Solution>
